{
  "name": "landing_page",
  "lockfileVersion": 3,
  "requires": true,
  "packages": {
    "": {
      "dependencies": {
        "@intercom/messenger-js-sdk": "^0.0.11"
      }
    },
    "node_modules/@intercom/messenger-js-sdk": {
      "version": "0.0.11",
      "resolved": "https://registry.npmjs.org/@intercom/messenger-js-sdk/-/messenger-js-sdk-0.0.11.tgz",
      "integrity": "sha512-jBHXO2+cGoBHYQMPaLP8eUm4AREcTWXlfd9shlBLSyEkFuW8+So/ynUDlftvWYz81KvGohRWYauw6vLRH/AlfA=="
    }
  }
}
